
Microsoft Visual Studio Solution File, Format Version 12.00
# Visual Studio Version 16
VisualStudioVersion = 16.0.32802.440
MinimumVisualStudioVersion = 10.0.40219.1
Project("{FAE04EC0-301F-11D3-BF4B-00C04F79EFBC}") = "Document digitization app", "Document digitization app.csproj", "{29C8E613-4BBB-4225-B29F-412820CA4F7C}"
EndProject
Global
	GlobalSection(SolutionConfigurationPlatforms) = preSolution
		Debug|Any CPU = Debug|Any CPU
		Release|Any CPU = Release|Any CPU
	EndGlobalSection
	GlobalSection(ProjectConfigurationPlatforms) = postSolution
		{29C8E613-4BBB-4225-B29F-412820CA4F7C}.Debug|Any CPU.ActiveCfg = Debug|Any CPU
		{29C8E613-4BBB-4225-B29F-412820CA4F7C}.Debug|Any CPU.Build.0 = Debug|Any CPU
		{29C8E613-4BBB-4225-B29F-412820CA4F7C}.Release|Any CPU.ActiveCfg = Release|Any CPU
		{29C8E613-4BBB-4225-B29F-412820CA4F7C}.Release|Any CPU.Build.0 = Release|Any CPU
	EndGlobalSection
	GlobalSection(SolutionProperties) = preSolution
		HideSolutionNode = FALSE
	EndGlobalSection
	GlobalSection(ExtensibilityGlobals) = postSolution
		SolutionGuid = {67E565AC-04D7-4B3F-A71B-96D63E675C7E}
	EndGlobalSection
EndGlobal
